
Microsoft Visual Studio Solution File, Format Version 12.00
# Visual Studio Version 16
VisualStudioVersion = 16.0.29920.165
MinimumVisualStudioVersion = 10.0.40219.1
Project("{9A19103F-16F7-4668-BE54-9A1E7A4F7556}") = "GoogleAuth", "GoogleAuth\GoogleAuth.csproj", "{FB847D65-A7B1-42DA-A092-015DEF880805}"
EndProject
Project("{2150E333-8FDC-42A3-9474-1A3956D46DE8}") = "Solution Folder", "Solution Folder", "{17A51CF5-383C-4B7D-98C8-573A4AB8E97A}"
	ProjectSection(SolutionItems) = preProject
		.gitignore = .gitignore
		README.md = README.md
	EndProjectSection
EndProject
Global
	GlobalSection(SolutionConfigurationPlatforms) = preSolution
		Debug|Any CPU = Debug|Any CPU
		Release|Any CPU = Release|Any CPU
	EndGlobalSection
	GlobalSection(ProjectConfigurationPlatforms) = postSolution
		{FB847D65-A7B1-42DA-A092-015DEF880805}.Debug|Any CPU.ActiveCfg = Debug|Any CPU
		{FB847D65-A7B1-42DA-A092-015DEF880805}.Debug|Any CPU.Build.0 = Debug|Any CPU
		{FB847D65-A7B1-42DA-A092-015DEF880805}.Release|Any CPU.ActiveCfg = Release|Any CPU
		{FB847D65-A7B1-42DA-A092-015DEF880805}.Release|Any CPU.Build.0 = Release|Any CPU
	EndGlobalSection
	GlobalSection(SolutionProperties) = preSolution
		HideSolutionNode = FALSE
	EndGlobalSection
	GlobalSection(ExtensibilityGlobals) = postSolution
		SolutionGuid = {6536BD98-7DC4-448A-A55E-A021EF94AB78}
	EndGlobalSection
EndGlobal
